
Microsoft Visual Studio Solution File, Format Version 12.00
# Visual Studio Version 16
VisualStudioVersion = 16.0.28606.126
MinimumVisualStudioVersion = 10.0.40219.1
Project("{2150E333-8FDC-42A3-9474-1A3956D46DE8}") = "src", "src", "{6FF94467-B4B8-4AEB-9C07-47DB0A49E77D}"
EndProject
Project("{2150E333-8FDC-42A3-9474-1A3956D46DE8}") = "Solution Itens", "Solution Itens", "{B0E2F549-A5E8-4ADB-AF37-FB976F430428}"
	ProjectSection(SolutionItems) = preProject
		.travis.yml = .travis.yml
		README.md = README.md
	EndProjectSection
EndProject
Project("{2150E333-8FDC-42A3-9474-1A3956D46DE8}") = "0-Presentation", "0-Presentation", "{DDF2067D-D887-416B-8611-C87AFA36576F}"
EndProject
Project("{2150E333-8FDC-42A3-9474-1A3956D46DE8}") = "1-Services", "1-Services", "{FA7931E1-A9BF-46B8-88ED-E2CE49FF58DF}"
EndProject
Project("{2150E333-8FDC-42A3-9474-1A3956D46DE8}") = "2-Application", "2-Application", "{EFD6298D-26CA-47DB-A4B4-5EAADF2B3DD3}"
EndProject
Project("{2150E333-8FDC-42A3-9474-1A3956D46DE8}") = "3-Domain", "3-Domain", "{DEC44DBF-E031-4BC2-B2B5-FFFD90D12737}"
EndProject
Project("{2150E333-8FDC-42A3-9474-1A3956D46DE8}") = "4-Infra", "4-Infra", "{5429368E-0CCE-4CA6-96E8-C92AFA7EBB61}"
EndProject
Project("{2150E333-8FDC-42A3-9474-1A3956D46DE8}") = "4.1-Data", "4.1-Data", "{7DB02E58-E092-480E-9C7D-820052B09315}"
EndProject
Project("{2150E333-8FDC-42A3-9474-1A3956D46DE8}") = "4.2-CrossCutting", "4.2-CrossCutting", "{9DCFD32B-3ABC-4D74-937E-6C3DB71D5A7F}"
EndProject
Project("{9A19103F-16F7-4668-BE54-9A1E7A4F7556}") = "Crm.Mvc", "src\0-Presentation\Crm.Mvc\Crm.Mvc.csproj", "{A44FD0CE-94A9-42B2-9F74-D4CCB5A0FB83}"
EndProject
Project("{9A19103F-16F7-4668-BE54-9A1E7A4F7556}") = "Crm.Application", "src\2-Application\Crm.Application\Crm.Application.csproj", "{2B9738F9-A933-4F23-B26F-38969FE0BAE8}"
EndProject
Project("{9A19103F-16F7-4668-BE54-9A1E7A4F7556}") = "Crm.Domain", "src\3-Domain\Crm.Domain\Crm.Domain.csproj", "{195EB4B4-A7A1-48FD-9B85-34D6D4AE3209}"
EndProject
Project("{9A19103F-16F7-4668-BE54-9A1E7A4F7556}") = "Crm.Infra.Data", "src\4-Infra\4.1-Data\Crm.Infra.Data\Crm.Infra.Data.csproj", "{CABF5604-D7D5-49D5-867D-55B178A09974}"
EndProject
Global
	GlobalSection(SolutionConfigurationPlatforms) = preSolution
		Debug|Any CPU = Debug|Any CPU
		Release|Any CPU = Release|Any CPU
	EndGlobalSection
	GlobalSection(ProjectConfigurationPlatforms) = postSolution
		{A44FD0CE-94A9-42B2-9F74-D4CCB5A0FB83}.Debug|Any CPU.ActiveCfg = Debug|Any CPU
		{A44FD0CE-94A9-42B2-9F74-D4CCB5A0FB83}.Debug|Any CPU.Build.0 = Debug|Any CPU
		{A44FD0CE-94A9-42B2-9F74-D4CCB5A0FB83}.Release|Any CPU.ActiveCfg = Release|Any CPU
		{A44FD0CE-94A9-42B2-9F74-D4CCB5A0FB83}.Release|Any CPU.Build.0 = Release|Any CPU
		{2B9738F9-A933-4F23-B26F-38969FE0BAE8}.Debug|Any CPU.ActiveCfg = Debug|Any CPU
		{2B9738F9-A933-4F23-B26F-38969FE0BAE8}.Debug|Any CPU.Build.0 = Debug|Any CPU
		{2B9738F9-A933-4F23-B26F-38969FE0BAE8}.Release|Any CPU.ActiveCfg = Release|Any CPU
		{2B9738F9-A933-4F23-B26F-38969FE0BAE8}.Release|Any CPU.Build.0 = Release|Any CPU
		{195EB4B4-A7A1-48FD-9B85-34D6D4AE3209}.Debug|Any CPU.ActiveCfg = Debug|Any CPU
		{195EB4B4-A7A1-48FD-9B85-34D6D4AE3209}.Debug|Any CPU.Build.0 = Debug|Any CPU
		{195EB4B4-A7A1-48FD-9B85-34D6D4AE3209}.Release|Any CPU.ActiveCfg = Release|Any CPU
		{195EB4B4-A7A1-48FD-9B85-34D6D4AE3209}.Release|Any CPU.Build.0 = Release|Any CPU
		{CABF5604-D7D5-49D5-867D-55B178A09974}.Debug|Any CPU.ActiveCfg = Debug|Any CPU
		{CABF5604-D7D5-49D5-867D-55B178A09974}.Debug|Any CPU.Build.0 = Debug|Any CPU
		{CABF5604-D7D5-49D5-867D-55B178A09974}.Release|Any CPU.ActiveCfg = Release|Any CPU
		{CABF5604-D7D5-49D5-867D-55B178A09974}.Release|Any CPU.Build.0 = Release|Any CPU
	EndGlobalSection
	GlobalSection(SolutionProperties) = preSolution
		HideSolutionNode = FALSE
	EndGlobalSection
	GlobalSection(NestedProjects) = preSolution
		{DDF2067D-D887-416B-8611-C87AFA36576F} = {6FF94467-B4B8-4AEB-9C07-47DB0A49E77D}
		{FA7931E1-A9BF-46B8-88ED-E2CE49FF58DF} = {6FF94467-B4B8-4AEB-9C07-47DB0A49E77D}
		{EFD6298D-26CA-47DB-A4B4-5EAADF2B3DD3} = {6FF94467-B4B8-4AEB-9C07-47DB0A49E77D}
		{DEC44DBF-E031-4BC2-B2B5-FFFD90D12737} = {6FF94467-B4B8-4AEB-9C07-47DB0A49E77D}
		{5429368E-0CCE-4CA6-96E8-C92AFA7EBB61} = {6FF94467-B4B8-4AEB-9C07-47DB0A49E77D}
		{7DB02E58-E092-480E-9C7D-820052B09315} = {5429368E-0CCE-4CA6-96E8-C92AFA7EBB61}
		{9DCFD32B-3ABC-4D74-937E-6C3DB71D5A7F} = {5429368E-0CCE-4CA6-96E8-C92AFA7EBB61}
		{A44FD0CE-94A9-42B2-9F74-D4CCB5A0FB83} = {DDF2067D-D887-416B-8611-C87AFA36576F}
		{2B9738F9-A933-4F23-B26F-38969FE0BAE8} = {EFD6298D-26CA-47DB-A4B4-5EAADF2B3DD3}
		{195EB4B4-A7A1-48FD-9B85-34D6D4AE3209} = {DEC44DBF-E031-4BC2-B2B5-FFFD90D12737}
		{CABF5604-D7D5-49D5-867D-55B178A09974} = {7DB02E58-E092-480E-9C7D-820052B09315}
	EndGlobalSection
	GlobalSection(ExtensibilityGlobals) = postSolution
		SolutionGuid = {92856095-264F-4672-BDE6-589222F66E5E}
	EndGlobalSection
EndGlobal
